
Microsoft Visual Studio Solution File, Format Version 12.00
# Visual Studio Version 17
VisualStudioVersion = 17.3.32819.101
MinimumVisualStudioVersion = 10.0.40219.1
Project("{9A19103F-16F7-4668-BE54-9A1E7A4F7556}") = "OpenCam", "Test\OpenCam.csproj", "{06690BEE-47F1-47C3-A092-22C9BBF11628}"
EndProject
Global
	GlobalSection(SolutionConfigurationPlatforms) = preSolution
		Debug|Any CPU = Debug|Any CPU
		Release|Any CPU = Release|Any CPU
	EndGlobalSection
	GlobalSection(ProjectConfigurationPlatforms) = postSolution
		{06690BEE-47F1-47C3-A092-22C9BBF11628}.Debug|Any CPU.ActiveCfg = Debug|Any CPU
		{06690BEE-47F1-47C3-A092-22C9BBF11628}.Debug|Any CPU.Build.0 = Debug|Any CPU
		{06690BEE-47F1-47C3-A092-22C9BBF11628}.Release|Any CPU.ActiveCfg = Release|Any CPU
		{06690BEE-47F1-47C3-A092-22C9BBF11628}.Release|Any CPU.Build.0 = Release|Any CPU
	EndGlobalSection
	GlobalSection(SolutionProperties) = preSolution
		HideSolutionNode = FALSE
	EndGlobalSection
	GlobalSection(ExtensibilityGlobals) = postSolution
		SolutionGuid = {4C16F6A0-CD83-4747-9321-DFDBE97B8B4C}
	EndGlobalSection
EndGlobal
